# @generated - this file is auto-generated by `mise lock` https://mise.jdx.dev/dev-tools/mise-lock.html

[[tools.act]]
version = "0.2.77"
backend = "aqua:nektos/act"

[tools.act."platforms.linux-arm64"]
checksum = "sha256:a6c2b49ff3fd1bd3644cc0f4892e71660236db3e122cd9547d334c69b14b9ec5"
url = "https://github.com/nektos/act/releases/download/v0.2.77/act_Linux_arm64.tar.gz"

[tools.act."platforms.linux-arm64-musl"]
checksum = "sha256:a6c2b49ff3fd1bd3644cc0f4892e71660236db3e122cd9547d334c69b14b9ec5"
url = "https://github.com/nektos/act/releases/download/v0.2.77/act_Linux_arm64.tar.gz"

[tools.act."platforms.linux-x64"]
checksum = "sha256:be48669e49cfed33d36f4c34c4fce2722c8261a47b174d66cee751a219e75d8e"
url = "https://github.com/nektos/act/releases/download/v0.2.77/act_Linux_x86_64.tar.gz"

[tools.act."platforms.linux-x64-musl"]
checksum = "sha256:be48669e49cfed33d36f4c34c4fce2722c8261a47b174d66cee751a219e75d8e"
url = "https://github.com/nektos/act/releases/download/v0.2.77/act_Linux_x86_64.tar.gz"

[tools.act."platforms.macos-arm64"]
checksum = "sha256:8b8efc58fb2f6d0b3192ca8c6d8a83a17cc86242ae724935fbcd121fca896eed"
url = "https://github.com/nektos/act/releases/download/v0.2.77/act_Darwin_arm64.tar.gz"

[tools.act."platforms.macos-x64"]
checksum = "sha256:9f69f2ce56216ffab9da67b4617680a70e337aaf95dce68ca4f4d6e1ff58510c"
url = "https://github.com/nektos/act/releases/download/v0.2.77/act_Darwin_x86_64.tar.gz"

[tools.act."platforms.windows-x64"]
checksum = "sha256:c51380f6ec73c5c7b3af5a26254910716a50b686df127bb5fd03dd162af90878"
url = "https://github.com/nektos/act/releases/download/v0.2.77/act_Windows_x86_64.zip"
