# @generated - this file is auto-generated by `mise lock` https://mise.jdx.dev/dev-tools/mise-lock.html

[[tools.act]]
version = "0.2.84"
backend = "aqua:nektos/act"

[tools.act."platforms.linux-arm64"]
checksum = "sha256:116c7f27c4862fb01730c956c9bc9f51f9d44d8f3850fe6166b7da9f68677a5c"
url = "https://github.com/nektos/act/releases/download/v0.2.84/act_Linux_arm64.tar.gz"

[tools.act."platforms.linux-arm64-musl"]
checksum = "sha256:116c7f27c4862fb01730c956c9bc9f51f9d44d8f3850fe6166b7da9f68677a5c"
url = "https://github.com/nektos/act/releases/download/v0.2.84/act_Linux_arm64.tar.gz"

[tools.act."platforms.linux-x64"]
checksum = "sha256:19d4525fb0d80ff50bd3252d3fa47ee1265a331fe4c39249ac65347e527e16e2"
url = "https://github.com/nektos/act/releases/download/v0.2.84/act_Linux_x86_64.tar.gz"

[tools.act."platforms.linux-x64-musl"]
checksum = "sha256:19d4525fb0d80ff50bd3252d3fa47ee1265a331fe4c39249ac65347e527e16e2"
url = "https://github.com/nektos/act/releases/download/v0.2.84/act_Linux_x86_64.tar.gz"

[tools.act."platforms.macos-arm64"]
checksum = "sha256:6739345c2bf7bbd1a3ceaf6503a9ffbe98b33dd3789edce39e8c844c6b49036b"
url = "https://github.com/nektos/act/releases/download/v0.2.84/act_Darwin_arm64.tar.gz"

[tools.act."platforms.macos-x64"]
checksum = "sha256:46f6f5229a76ebf39fa51dd9ea05cb67db5b05355af204af595553b6d8cee618"
url = "https://github.com/nektos/act/releases/download/v0.2.84/act_Darwin_x86_64.tar.gz"

[tools.act."platforms.windows-x64"]
checksum = "sha256:3b4fcf9497d1f23afbdd40bfa8e78e154d69754da73c2d792a4152b4f8ae5c96"
url = "https://github.com/nektos/act/releases/download/v0.2.84/act_Windows_x86_64.zip"

[[tools.actionlint]]
version = "1.7.12"
backend = "aqua:rhysd/actionlint"

[tools.actionlint."platforms.linux-arm64"]
checksum = "sha256:325e971b6ba9bfa504672e29be93c24981eeb1c07576d730e9f7c8805afff0c6"
url = "https://github.com/rhysd/actionlint/releases/download/v1.7.12/actionlint_1.7.12_linux_arm64.tar.gz"
url_api = "https://api.github.com/repos/rhysd/actionlint/releases/assets/384924897"
provenance = "github-attestations"

[tools.actionlint."platforms.linux-arm64-musl"]
checksum = "sha256:325e971b6ba9bfa504672e29be93c24981eeb1c07576d730e9f7c8805afff0c6"
url = "https://github.com/rhysd/actionlint/releases/download/v1.7.12/actionlint_1.7.12_linux_arm64.tar.gz"
url_api = "https://api.github.com/repos/rhysd/actionlint/releases/assets/384924897"
provenance = "github-attestations"

[tools.actionlint."platforms.linux-x64"]
checksum = "sha256:8aca8db96f1b94770f1b0d72b6dddcb1ebb8123cb3712530b08cc387b349a3d8"
url = "https://github.com/rhysd/actionlint/releases/download/v1.7.12/actionlint_1.7.12_linux_amd64.tar.gz"
url_api = "https://api.github.com/repos/rhysd/actionlint/releases/assets/384924896"
provenance = "github-attestations"

[tools.actionlint."platforms.linux-x64-musl"]
checksum = "sha256:8aca8db96f1b94770f1b0d72b6dddcb1ebb8123cb3712530b08cc387b349a3d8"
url = "https://github.com/rhysd/actionlint/releases/download/v1.7.12/actionlint_1.7.12_linux_amd64.tar.gz"
url_api = "https://api.github.com/repos/rhysd/actionlint/releases/assets/384924896"
provenance = "github-attestations"

[tools.actionlint."platforms.macos-arm64"]
checksum = "sha256:aba9ced2dee8d27fecca3dc7feb1a7f9a52caefa1eb46f3271ea66b6e0e6953f"
url = "https://github.com/rhysd/actionlint/releases/download/v1.7.12/actionlint_1.7.12_darwin_arm64.tar.gz"
url_api = "https://api.github.com/repos/rhysd/actionlint/releases/assets/384924893"
provenance = "github-attestations"

[tools.actionlint."platforms.macos-x64"]
checksum = "sha256:5b44c3bc2255115c9b69e30efc0fecdf498fdb63c5d58e17084fd5f16324c644"
url = "https://github.com/rhysd/actionlint/releases/download/v1.7.12/actionlint_1.7.12_darwin_amd64.tar.gz"
url_api = "https://api.github.com/repos/rhysd/actionlint/releases/assets/384924880"
provenance = "github-attestations"

[tools.actionlint."platforms.windows-x64"]
checksum = "sha256:6e7241b51e6817ea6a047693d8e6fed13b31819c9a0dd6c5a726e1592d22f6e9"
url = "https://github.com/rhysd/actionlint/releases/download/v1.7.12/actionlint_1.7.12_windows_amd64.zip"
url_api = "https://api.github.com/repos/rhysd/actionlint/releases/assets/384924919"
provenance = "github-attestations"

[[tools.ruff]]
version = "0.15.6"
backend = "aqua:astral-sh/ruff"

[tools.ruff."platforms.linux-arm64"]
checksum = "sha256:750164384c78e208b5e5bf764916f23270844c6a6ea0057dec1f7951bce02fca"
url = "https://github.com/astral-sh/ruff/releases/download/0.15.6/ruff-aarch64-unknown-linux-musl.tar.gz"

[tools.ruff."platforms.linux-arm64-musl"]
checksum = "sha256:750164384c78e208b5e5bf764916f23270844c6a6ea0057dec1f7951bce02fca"
url = "https://github.com/astral-sh/ruff/releases/download/0.15.6/ruff-aarch64-unknown-linux-musl.tar.gz"

[tools.ruff."platforms.linux-x64"]
checksum = "sha256:7ca0d590da2274429e8033cdaae1d923229ad19b2df7d8c2c3b94451527ab45c"
url = "https://github.com/astral-sh/ruff/releases/download/0.15.6/ruff-x86_64-unknown-linux-musl.tar.gz"
provenance = "github-attestations"

[tools.ruff."platforms.linux-x64-musl"]
checksum = "sha256:7ca0d590da2274429e8033cdaae1d923229ad19b2df7d8c2c3b94451527ab45c"
url = "https://github.com/astral-sh/ruff/releases/download/0.15.6/ruff-x86_64-unknown-linux-musl.tar.gz"

[tools.ruff."platforms.macos-arm64"]
checksum = "sha256:e90a351ddc2e5e411168b5cbfc7d694231e793948d0a29aa82618ea6f17225f1"
url = "https://github.com/astral-sh/ruff/releases/download/0.15.6/ruff-aarch64-apple-darwin.tar.gz"

[tools.ruff."platforms.macos-x64"]
checksum = "sha256:aef752bd803e58a732651d7ecd8434288f2ce7f252e415ecfa5b4a1518aea218"
url = "https://github.com/astral-sh/ruff/releases/download/0.15.6/ruff-x86_64-apple-darwin.tar.gz"

[tools.ruff."platforms.windows-x64"]
checksum = "sha256:34548ff94a9f52c96c75672d34eee6068a4bf4fdcb3ca12d10e9f4b8abedad96"
url = "https://github.com/astral-sh/ruff/releases/download/0.15.6/ruff-x86_64-pc-windows-msvc.zip"

[[tools.shellcheck]]
version = "0.11.0"
backend = "aqua:koalaman/shellcheck"

[tools.shellcheck."platforms.linux-arm64"]
checksum = "sha256:12b331c1d2db6b9eb13cfca64306b1b157a86eb69db83023e261eaa7e7c14588"
url = "https://github.com/koalaman/shellcheck/releases/download/v0.11.0/shellcheck-v0.11.0.linux.aarch64.tar.xz"

[tools.shellcheck."platforms.linux-arm64-musl"]
checksum = "sha256:12b331c1d2db6b9eb13cfca64306b1b157a86eb69db83023e261eaa7e7c14588"
url = "https://github.com/koalaman/shellcheck/releases/download/v0.11.0/shellcheck-v0.11.0.linux.aarch64.tar.xz"

[tools.shellcheck."platforms.linux-x64"]
checksum = "sha256:8c3be12b05d5c177a04c29e3c78ce89ac86f1595681cab149b65b97c4e227198"
url = "https://github.com/koalaman/shellcheck/releases/download/v0.11.0/shellcheck-v0.11.0.linux.x86_64.tar.xz"

[tools.shellcheck."platforms.linux-x64-musl"]
checksum = "sha256:8c3be12b05d5c177a04c29e3c78ce89ac86f1595681cab149b65b97c4e227198"
url = "https://github.com/koalaman/shellcheck/releases/download/v0.11.0/shellcheck-v0.11.0.linux.x86_64.tar.xz"

[tools.shellcheck."platforms.macos-arm64"]
checksum = "sha256:56affdd8de5527894dca6dc3d7e0a99a873b0f004d7aabc30ae407d3f48b0a79"
url = "https://github.com/koalaman/shellcheck/releases/download/v0.11.0/shellcheck-v0.11.0.darwin.aarch64.tar.xz"

[tools.shellcheck."platforms.macos-x64"]
checksum = "sha256:3c89db4edcab7cf1c27bff178882e0f6f27f7afdf54e859fa041fca10febe4c6"
url = "https://github.com/koalaman/shellcheck/releases/download/v0.11.0/shellcheck-v0.11.0.darwin.x86_64.tar.xz"

[tools.shellcheck."platforms.windows-x64"]
checksum = "sha256:8a4e35ab0b331c85d73567b12f2a444df187f483e5079ceffa6bda1faa2e740e"
url = "https://github.com/koalaman/shellcheck/releases/download/v0.11.0/shellcheck-v0.11.0.zip"

[[tools.shfmt]]
version = "3.13.0"
backend = "aqua:mvdan/sh"

[tools.shfmt."platforms.linux-arm64"]
checksum = "sha256:2091a31afd47742051a77bf7cfd175533ab07e924c20ef3151cd108fa1cab5b0"
url = "https://github.com/mvdan/sh/releases/download/v3.13.0/shfmt_v3.13.0_linux_arm64"

[tools.shfmt."platforms.linux-arm64-musl"]
checksum = "sha256:2091a31afd47742051a77bf7cfd175533ab07e924c20ef3151cd108fa1cab5b0"
url = "https://github.com/mvdan/sh/releases/download/v3.13.0/shfmt_v3.13.0_linux_arm64"

[tools.shfmt."platforms.linux-x64"]
checksum = "sha256:70aa99784703a8d6569bbf0b1e43e1a91906a4166bf1a79de42050a6d0de7551"
url = "https://github.com/mvdan/sh/releases/download/v3.13.0/shfmt_v3.13.0_linux_amd64"

[tools.shfmt."platforms.linux-x64-musl"]
checksum = "sha256:70aa99784703a8d6569bbf0b1e43e1a91906a4166bf1a79de42050a6d0de7551"
url = "https://github.com/mvdan/sh/releases/download/v3.13.0/shfmt_v3.13.0_linux_amd64"

[tools.shfmt."platforms.macos-arm64"]
checksum = "sha256:650970603b5946dc6041836ddcfa7a19d99b5da885e4687f64575508e99cf718"
url = "https://github.com/mvdan/sh/releases/download/v3.13.0/shfmt_v3.13.0_darwin_arm64"

[tools.shfmt."platforms.macos-x64"]
checksum = "sha256:b6890a0009abf71d36d7c536ad56e3132c547ceb77cd5d5ee62b3469ab4e9417"
url = "https://github.com/mvdan/sh/releases/download/v3.13.0/shfmt_v3.13.0_darwin_amd64"

[tools.shfmt."platforms.windows-x64"]
checksum = "sha256:62241aaf6b0ca236f8625d8892784b73fa67ad40bc677a1ad1a64ae395f6a7d5"
url = "https://github.com/mvdan/sh/releases/download/v3.13.0/shfmt_v3.13.0_windows_amd64.exe"

[[tools.taplo]]
version = "0.10.0"
backend = "aqua:tamasfe/taplo"

[tools.taplo."platforms.linux-arm64"]
url = "https://github.com/tamasfe/taplo/releases/download/0.10.0/taplo-linux-aarch64.gz"

[tools.taplo."platforms.linux-arm64-musl"]
url = "https://github.com/tamasfe/taplo/releases/download/0.10.0/taplo-linux-aarch64.gz"

[tools.taplo."platforms.linux-x64"]
url = "https://github.com/tamasfe/taplo/releases/download/0.10.0/taplo-linux-x86_64.gz"

[tools.taplo."platforms.linux-x64-musl"]
url = "https://github.com/tamasfe/taplo/releases/download/0.10.0/taplo-linux-x86_64.gz"

[tools.taplo."platforms.macos-arm64"]
url = "https://github.com/tamasfe/taplo/releases/download/0.10.0/taplo-darwin-aarch64.gz"

[tools.taplo."platforms.macos-x64"]
url = "https://github.com/tamasfe/taplo/releases/download/0.10.0/taplo-darwin-x86_64.gz"

[tools.taplo."platforms.windows-x64"]
url = "https://github.com/tamasfe/taplo/releases/download/0.10.0/taplo-windows-x86_64.zip"
